# This file is automatically @generated by Poetry 1.8.2 and should not be changed by hand.

[[package]]
name = "parse"
version = "1.20.1"
description = "parse() is the opposite of format()"
optional = false
python-versions = "*"
files = [
    {file = "parse-1.20.1-py2.py3-none-any.whl", hash = "sha256:76ddd5214255ae711db4c512be636151fbabaa948c6f30115aecc440422ca82c"},
    {file = "parse-1.20.1.tar.gz", hash = "sha256:09002ca350ad42e76629995f71f7b518670bcf93548bdde3684fd55d2be51975"},
]

[[package]]
name = "pydot"
version = "2.0.0"
description = "Python interface to Graphviz's Dot"
optional = false
python-versions = ">=3.7"
files = [
    {file = "pydot-2.0.0-py3-none-any.whl", hash = "sha256:408a47913ea7bd5d2d34b274144880c1310c4aee901f353cf21fe2e526a4ea28"},
    {file = "pydot-2.0.0.tar.gz", hash = "sha256:60246af215123fa062f21cd791be67dda23a6f280df09f68919e637a1e4f3235"},
]

[package.dependencies]
pyparsing = ">=3"

[package.extras]
dev = ["black", "chardet"]
release = ["zest.releaser[recommended]"]
tests = ["black", "chardet", "tox"]

[[package]]
name = "pyparsing"
version = "3.1.2"
description = "pyparsing module - Classes and methods to define and execute parsing grammars"
optional = false
python-versions = ">=3.6.8"
files = [
    {file = "pyparsing-3.1.2-py3-none-any.whl", hash = "sha256:f9db75911801ed778fe61bb643079ff86601aca99fcae6345aa67292038fb742"},
    {file = "pyparsing-3.1.2.tar.gz", hash = "sha256:a1bac0ce561155ecc3ed78ca94d3c9378656ad4c94c1270de543f621420f94ad"},
]

[package.extras]
diagrams = ["jinja2", "railroad-diagrams"]

[metadata]
lock-version = "2.0"
python-versions = ">=3.8"
content-hash = "4584e0ea27b6d1b5b6ebfde7d2536c2f798e264999c789a25dd36e18dc50f4d4"
